id: iotSDR_iotSDR_Sink
label: iotSDR Sink
category: '[iotSDR]'

templates:
   imports: import iotSDR
   #imports: import iotSDR_Remote
   make: iotSDR.iotSDR_Sink(${URL}, ${Tx_Channel}, ${frequency}, ${sample_rate}, ${bandwidth}, ${rf_gain}, ${buffer_size})


parameters:
- id: URL
  label: URL
  dtype: string
  default: "10.42.0.128:42400"

- id: Tx_Channel
  label: Transmitter Channel
  dtype: enum
  default: "'SubGhz_CH_1'"
  options: ["'SubGhz_CH_1'", "'SubGhz_CH_2'", "'2_4Ghz_CH_1'", "'2_4Ghz_CH_2'"]
  option_labels: ['SubGhz CH-1', 'SubGhz CH-2', '2.4Ghz CH-1', '2.4Ghz CH-2']

- id: frequency
  label: LO Frequency (MHz)
  dtype: float
  default: 902.2

- id: sample_rate
  label: Sample Rate
  dtype: int
  default: 2000000

- id: bandwidth
  label: RF Bandwidth
  dtype: int
  default: 4000000

- id: rf_gain
  label: RF Gain (0-31)
  dtype: int
  default: 31

- id: buffer_size
  label: Buffer size
  dtype: int
  default: 1024


inputs:
- label: in
  dtype: complex


file_format: 1
